kind: data_source
outputDir: data
schemaStubBodyMode: bare
deriveClassDoc: true
deriveOutputGetters: true

curatedDoc: |-
  /// Read-only data source on the apply-excluded leftover path
  /// (synth + `terraform validate` only). Do not apply.

paramOrder:
  - name
  - project
  - reservation
  - zone
